// !$*UTF8*$!
{
	archiveVersion = 1;
	classes = {
	};
	objectVersion = 46;
	objects = {

/* Begin PBXBuildFile section */
		355001411CE1B401009BF4E2 /* main.m in Sources */ = {isa = PBXBuildFile; fileRef = 355001401CE1B401009BF4E2 /* main.m */; };
		355001441CE1B401009BF4E2 /* AppDelegate.m in Sources */ = {isa = PBXBuildFile; fileRef = 355001431CE1B401009BF4E2 /* AppDelegate.m */; };
		3550014A1CE1B401009BF4E2 /* Main.storyboard in Resources */ = {isa = PBXBuildFile; fileRef = 355001481CE1B401009BF4E2 /* Main.storyboard */; };
		3550014C1CE1B401009BF4E2 /* Assets.xcassets in Resources */ = {isa = PBXBuildFile; fileRef = 3550014B1CE1B401009BF4E2 /* Assets.xcassets */; };
		3550014F1CE1B401009BF4E2 /* LaunchScreen.storyboard in Resources */ = {isa = PBXBuildFile; fileRef = 3550014D1CE1B401009BF4E2 /* LaunchScreen.storyboard */; };
		3550015A1CE1B401009BF4E2 /* DemoTests.m in Sources */ = {isa = PBXBuildFile; fileRef = 355001591CE1B401009BF4E2 /* DemoTests.m */; };
		355001651CE1B401009BF4E2 /* DemoUITests.m in Sources */ = {isa = PBXBuildFile; fileRef = 355001641CE1B401009BF4E2 /* DemoUITests.m */; };
		3550017C1CE1BC36009BF4E2 /* NewListViewController.m in Sources */ = {isa = PBXBuildFile; fileRef = 355001771CE1BC36009BF4E2 /* NewListViewController.m */; };
		3550017D1CE1BC36009BF4E2 /* ViewController.m in Sources */ = {isa = PBXBuildFile; fileRef = 355001791CE1BC36009BF4E2 /* ViewController.m */; };
		355001801CE1BC6C009BF4E2 /* NewData.m in Sources */ = {isa = PBXBuildFile; fileRef = 3550017F1CE1BC6C009BF4E2 /* NewData.m */; };
		355001831CE1C58F009BF4E2 /* DetailViewController.m in Sources */ = {isa = PBXBuildFile; fileRef = 355001821CE1C58F009BF4E2 /* DetailViewController.m */; };
		355001861CE1CF40009BF4E2 /* NetTipView.m in Sources */ = {isa = PBXBuildFile; fileRef = 355001851CE1CF40009BF4E2 /* NetTipView.m */; };
		35B34E221CE2E44400C107D4 /* UIView+selectView.m in Sources */ = {isa = PBXBuildFile; fileRef = 35B34E211CE2E44400C107D4 /* UIView+selectView.m */; };
		EBCAE89302F928426C566940 /* libPods.a in Frameworks */ = {isa = PBXBuildFile; fileRef = 04EC7C6127F616A701A94E79 /* libPods.a */; };
/* End PBXBuildFile section */

/* Begin PBXContainerItemProxy section */
		355001561CE1B401009BF4E2 /* PBXContainerItemProxy */ = {
			isa = PBXContainerItemProxy;
			containerPortal = 355001341CE1B401009BF4E2 /* Project object */;
			proxyType = 1;
			remoteGlobalIDString = 3550013B1CE1B401009BF4E2;
			remoteInfo = Demo;
		};
		355001611CE1B401009BF4E2 /* PBXContainerItemProxy */ = {
			isa = PBXContainerItemProxy;
			containerPortal = 355001341CE1B401009BF4E2 /* Project object */;
			proxyType = 1;
			remoteGlobalIDString = 3550013B1CE1B401009BF4E2;
			remoteInfo = Demo;
		};
/* End PBXContainerItemProxy section */

/* Begin PBXFileReference section */
		04EC7C6127F616A701A94E79 /* libPods.a */ = {isa = PBXFileReference; explicitFileType = archive.ar; includeInIndex = 0; path = libPods.a; sourceTree = BUILT_PRODUCTS_DIR; };
		3550013C1CE1B401009BF4E2 /* Demo.app */ = {isa = PBXFileReference; explicitFileType = wrapper.application; includeInIndex = 0; path = Demo.app; sourceTree = BUILT_PRODUCTS_DIR; };
		355001401CE1B401009BF4E2 /* main.m */ = {isa = PBXFileReference; lastKnownFileType = sourcecode.c.objc; path = main.m; sourceTree = "<group>"; };
		355001421CE1B401009BF4E2 /* AppDelegate.h */ = {isa = PBXFileReference; lastKnownFileType = sourcecode.c.h; path = AppDelegate.h; sourceTree = "<group>"; };
		355001431CE1B401009BF4E2 /* AppDelegate.m */ = {isa = PBXFileReference; lastKnownFileType = sourcecode.c.objc; path = AppDelegate.m; sourceTree = "<group>"; };
		355001491CE1B401009BF4E2 /* Base */ = {isa = PBXFileReference; lastKnownFileType = file.storyboard; name = Base; path = Base.lproj/Main.storyboard; sourceTree = "<group>"; };
		3550014B1CE1B401009BF4E2 /* Assets.xcassets */ = {isa = PBXFileReference; lastKnownFileType = folder.assetcatalog; path = Assets.xcassets; sourceTree = "<group>"; };
		3550014E1CE1B401009BF4E2 /* Base */ = {isa = PBXFileReference; lastKnownFileType = file.storyboard; name = Base; path = Base.lproj/LaunchScreen.storyboard; sourceTree = "<group>"; };
		355001501CE1B401009BF4E2 /* Info.plist */ = {isa = PBXFileReference; lastKnownFileType = text.plist.xml; path = Info.plist; sourceTree = "<group>"; };
		355001551CE1B401009BF4E2 /* DemoTests.xctest */ = {isa = PBXFileReference; explicitFileType = wrapper.cfbundle; includeInIndex = 0; path = DemoTests.xctest; sourceTree = BUILT_PRODUCTS_DIR; };
		355001591CE1B401009BF4E2 /* DemoTests.m */ = {isa = PBXFileReference; lastKnownFileType = sourcecode.c.objc; path = DemoTests.m; sourceTree = "<group>"; };
		3550015B1CE1B401009BF4E2 /* Info.plist */ = {isa = PBXFileReference; lastKnownFileType = text.plist.xml; path = Info.plist; sourceTree = "<group>"; };
		355001601CE1B401009BF4E2 /* DemoUITests.xctest */ = {isa = PBXFileReference; explicitFileType = wrapper.cfbundle; includeInIndex = 0; path = DemoUITests.xctest; sourceTree = BUILT_PRODUCTS_DIR; };
		355001641CE1B401009BF4E2 /* DemoUITests.m */ = {isa = PBXFileReference; lastKnownFileType = sourcecode.c.objc; path = DemoUITests.m; sourceTree = "<group>"; };
		355001661CE1B401009BF4E2 /* Info.plist */ = {isa = PBXFileReference; lastKnownFileType = text.plist.xml; path = Info.plist; sourceTree = "<group>"; };
		355001761CE1BC36009BF4E2 /* NewListViewController.h */ = {isa = PBXFileReference; fileEncoding = 4; lastKnownFileType = sourcecode.c.h; path = NewListViewController.h; sourceTree = "<group>"; };
		355001771CE1BC36009BF4E2 /* NewListViewController.m */ = {isa = PBXFileReference; fileEncoding = 4; lastKnownFileType = sourcecode.c.objc; path = NewListViewController.m; sourceTree = "<group>"; };
		355001781CE1BC36009BF4E2 /* ViewController.h */ = {isa = PBXFileReference; fileEncoding = 4; lastKnownFileType = sourcecode.c.h; path = ViewController.h; sourceTree = "<group>"; };
		355001791CE1BC36009BF4E2 /* ViewController.m */ = {isa = PBXFileReference; fileEncoding = 4; lastKnownFileType = sourcecode.c.objc; path = ViewController.m; sourceTree = "<group>"; };
		3550017E1CE1BC6C009BF4E2 /* NewData.h */ = {isa = PBXFileReference; fileEncoding = 4; lastKnownFileType = sourcecode.c.h; path = NewData.h; sourceTree = "<group>"; };
		3550017F1CE1BC6C009BF4E2 /* NewData.m */ = {isa = PBXFileReference; fileEncoding = 4; lastKnownFileType = sourcecode.c.objc; path = NewData.m; sourceTree = "<group>"; };
		355001811CE1C58F009BF4E2 /* DetailViewController.h */ = {isa = PBXFileReference; fileEncoding = 4; lastKnownFileType = sourcecode.c.h; path = DetailViewController.h; sourceTree = "<group>"; };
		355001821CE1C58F009BF4E2 /* DetailViewController.m */ = {isa = PBXFileReference; fileEncoding = 4; lastKnownFileType = sourcecode.c.objc; path = DetailViewController.m; sourceTree = "<group>"; };
		355001841CE1CF40009BF4E2 /* NetTipView.h */ = {isa = PBXFileReference; fileEncoding = 4; lastKnownFileType = sourcecode.c.h; path = NetTipView.h; sourceTree = "<group>"; };
		355001851CE1CF40009BF4E2 /* NetTipView.m */ = {isa = PBXFileReference; fileEncoding = 4; lastKnownFileType = sourcecode.c.objc; path = NetTipView.m; sourceTree = "<group>"; };
		35B34E201CE2E44400C107D4 /* UIView+selectView.h */ = {isa = PBXFileReference; fileEncoding = 4; lastKnownFileType = sourcecode.c.h; path = "UIView+selectView.h"; sourceTree = "<group>"; };
		35B34E211CE2E44400C107D4 /* UIView+selectView.m */ = {isa = PBXFileReference; fileEncoding = 4; lastKnownFileType = sourcecode.c.objc; path = "UIView+selectView.m"; sourceTree = "<group>"; };
		73BFF0E618D51B4DA4B07199 /* Pods.debug.xcconfig */ = {isa = PBXFileReference; includeInIndex = 1; lastKnownFileType = text.xcconfig; name = Pods.debug.xcconfig; path = "Pods/Target Support Files/Pods/Pods.debug.xcconfig"; sourceTree = "<group>"; };
		9A8160C75D54DC7A51AD8E2B /* Pods.release.xcconfig */ = {isa = PBXFileReference; includeInIndex = 1; lastKnownFileType = text.xcconfig; name = Pods.release.xcconfig; path = "Pods/Target Support Files/Pods/Pods.release.xcconfig"; sourceTree = "<group>"; };
/* End PBXFileReference section */

/* Begin PBXFrameworksBuildPhase section */
		355001391CE1B401009BF4E2 /* Frameworks */ = {
			isa = PBXFrameworksBuildPhase;
			buildActionMask = 2147483647;
			files = (
				EBCAE89302F928426C566940 /* libPods.a in Frameworks */,
			);
			runOnlyForDeploymentPostprocessing = 0;
		};
		355001521CE1B401009BF4E2 /* Frameworks */ = {
			isa = PBXFrameworksBuildPhase;
			buildActionMask = 2147483647;
			files = (
			);
			runOnlyForDeploymentPostprocessing = 0;
		};
		3550015D1CE1B401009BF4E2 /* Frameworks */ = {
			isa = PBXFrameworksBuildPhase;
			buildActionMask = 2147483647;
			files = (
			);
			runOnlyForDeploymentPostprocessing = 0;
		};
/* End PBXFrameworksBuildPhase section */

/* Begin PBXGroup section */
		262913494B2A60D49404FC7B /* Pods */ = {
			isa = PBXGroup;
			children = (
				73BFF0E618D51B4DA4B07199 /* Pods.debug.xcconfig */,
				9A8160C75D54DC7A51AD8E2B /* Pods.release.xcconfig */,
			);
			name = Pods;
			sourceTree = "<group>";
		};
		355001331CE1B401009BF4E2 = {
			isa = PBXGroup;
			children = (
				3550013E1CE1B401009BF4E2 /* Demo */,
				355001581CE1B401009BF4E2 /* DemoTests */,
				355001631CE1B401009BF4E2 /* DemoUITests */,
				3550013D1CE1B401009BF4E2 /* Products */,
				262913494B2A60D49404FC7B /* Pods */,
				5D6D2A2A2E3D9933CA99464D /* Frameworks */,
			);
			sourceTree = "<group>";
		};
		3550013D1CE1B401009BF4E2 /* Products */ = {
			isa = PBXGroup;
			children = (
				3550013C1CE1B401009BF4E2 /* Demo.app */,
				355001551CE1B401009BF4E2 /* DemoTests.xctest */,
				355001601CE1B401009BF4E2 /* DemoUITests.xctest */,
			);
			name = Products;
			sourceTree = "<group>";
		};
		3550013E1CE1B401009BF4E2 /* Demo */ = {
			isa = PBXGroup;
			children = (
				355001751CE1BC36009BF4E2 /* Controller */,
				3550017A1CE1BC36009BF4E2 /* Model */,
				3550017B1CE1BC36009BF4E2 /* View */,
				355001421CE1B401009BF4E2 /* AppDelegate.h */,
				355001431CE1B401009BF4E2 /* AppDelegate.m */,
				355001481CE1B401009BF4E2 /* Main.storyboard */,
				3550014B1CE1B401009BF4E2 /* Assets.xcassets */,
				3550014D1CE1B401009BF4E2 /* LaunchScreen.storyboard */,
				355001501CE1B401009BF4E2 /* Info.plist */,
				3550013F1CE1B401009BF4E2 /* Supporting Files */,
			);
			path = Demo;
			sourceTree = "<group>";
		};
		3550013F1CE1B401009BF4E2 /* Supporting Files */ = {
			isa = PBXGroup;
			children = (
				355001401CE1B401009BF4E2 /* main.m */,
			);
			name = "Supporting Files";
			sourceTree = "<group>";
		};
		355001581CE1B401009BF4E2 /* DemoTests */ = {
			isa = PBXGroup;
			children = (
				355001591CE1B401009BF4E2 /* DemoTests.m */,
				3550015B1CE1B401009BF4E2 /* Info.plist */,
			);
			path = DemoTests;
			sourceTree = "<group>";
		};
		355001631CE1B401009BF4E2 /* DemoUITests */ = {
			isa = PBXGroup;
			children = (
				355001641CE1B401009BF4E2 /* DemoUITests.m */,
				355001661CE1B401009BF4E2 /* Info.plist */,
			);
			path = DemoUITests;
			sourceTree = "<group>";
		};
		355001751CE1BC36009BF4E2 /* Controller */ = {
			isa = PBXGroup;
			children = (
				355001761CE1BC36009BF4E2 /* NewListViewController.h */,
				355001771CE1BC36009BF4E2 /* NewListViewController.m */,
				355001781CE1BC36009BF4E2 /* ViewController.h */,
				355001791CE1BC36009BF4E2 /* ViewController.m */,
				355001811CE1C58F009BF4E2 /* DetailViewController.h */,
				355001821CE1C58F009BF4E2 /* DetailViewController.m */,
			);
			path = Controller;
			sourceTree = "<group>";
		};
		3550017A1CE1BC36009BF4E2 /* Model */ = {
			isa = PBXGroup;
			children = (
				3550017E1CE1BC6C009BF4E2 /* NewData.h */,
				3550017F1CE1BC6C009BF4E2 /* NewData.m */,
			);
			path = Model;
			sourceTree = "<group>";
		};
		3550017B1CE1BC36009BF4E2 /* View */ = {
			isa = PBXGroup;
			children = (
				355001841CE1CF40009BF4E2 /* NetTipView.h */,
				355001851CE1CF40009BF4E2 /* NetTipView.m */,
				35B34E201CE2E44400C107D4 /* UIView+selectView.h */,
				35B34E211CE2E44400C107D4 /* UIView+selectView.m */,
			);
			path = View;
			sourceTree = "<group>";
		};
		5D6D2A2A2E3D9933CA99464D /* Frameworks */ = {
			isa = PBXGroup;
			children = (
				04EC7C6127F616A701A94E79 /* libPods.a */,
			);
			name = Frameworks;
			sourceTree = "<group>";
		};
/* End PBXGroup section */

/* Begin PBXNativeTarget section */
		3550013B1CE1B401009BF4E2 /* Demo */ = {
			isa = PBXNativeTarget;
			buildConfigurationList = 355001691CE1B401009BF4E2 /* Build configuration list for PBXNativeTarget "Demo" */;
			buildPhases = (
				DA204E4B55A960CCC294B368 /* Check Pods Manifest.lock */,
				355001381CE1B401009BF4E2 /* Sources */,
				355001391CE1B401009BF4E2 /* Frameworks */,
				3550013A1CE1B401009BF4E2 /* Resources */,
				D0181758E4AD442248E65315 /* Embed Pods Frameworks */,
				621FE78034736CC917619A2F /* Copy Pods Resources */,
			);
			buildRules = (
			);
			dependencies = (
			);
			name = Demo;
			productName = Demo;
			productReference = 3550013C1CE1B401009BF4E2 /* Demo.app */;
			productType = "com.apple.product-type.application";
		};
		355001541CE1B401009BF4E2 /* DemoTests */ = {
			isa = PBXNativeTarget;
			buildConfigurationList = 3550016C1CE1B401009BF4E2 /* Build configuration list for PBXNativeTarget "DemoTests" */;
			buildPhases = (
				355001511CE1B401009BF4E2 /* Sources */,
				355001521CE1B401009BF4E2 /* Frameworks */,
				355001531CE1B401009BF4E2 /* Resources */,
			);
			buildRules = (
			);
			dependencies = (
				355001571CE1B401009BF4E2 /* PBXTargetDependency */,
			);
			name = DemoTests;
			productName = DemoTests;
			productReference = 355001551CE1B401009BF4E2 /* DemoTests.xctest */;
			productType = "com.apple.product-type.bundle.unit-test";
		};
		3550015F1CE1B401009BF4E2 /* DemoUITests */ = {
			isa = PBXNativeTarget;
			buildConfigurationList = 3550016F1CE1B401009BF4E2 /* Build configuration list for PBXNativeTarget "DemoUITests" */;
			buildPhases = (
				3550015C1CE1B401009BF4E2 /* Sources */,
				3550015D1CE1B401009BF4E2 /* Frameworks */,
				3550015E1CE1B401009BF4E2 /* Resources */,
			);
			buildRules = (
			);
			dependencies = (
				355001621CE1B401009BF4E2 /* PBXTargetDependency */,
			);
			name = DemoUITests;
			productName = DemoUITests;
			productReference = 355001601CE1B401009BF4E2 /* DemoUITests.xctest */;
			productType = "com.apple.product-type.bundle.ui-testing";
		};
/* End PBXNativeTarget section */

/* Begin PBXProject section */
		355001341CE1B401009BF4E2 /* Project object */ = {
			isa = PBXProject;
			attributes = {
				LastUpgradeCheck = 0720;
				ORGANIZATIONNAME = hukezhu;
				TargetAttributes = {
					3550013B1CE1B401009BF4E2 = {
						CreatedOnToolsVersion = 7.2.1;
					};
					355001541CE1B401009BF4E2 = {
						CreatedOnToolsVersion = 7.2.1;
						TestTargetID = 3550013B1CE1B401009BF4E2;
					};
					3550015F1CE1B401009BF4E2 = {
						CreatedOnToolsVersion = 7.2.1;
						TestTargetID = 3550013B1CE1B401009BF4E2;
					};
				};
			};
			buildConfigurationList = 355001371CE1B401009BF4E2 /* Build configuration list for PBXProject "Demo" */;
			compatibilityVersion = "Xcode 3.2";
			developmentRegion = English;
			hasScannedForEncodings = 0;
			knownRegions = (
				en,
				Base,
			);
			mainGroup = 355001331CE1B401009BF4E2;
			productRefGroup = 3550013D1CE1B401009BF4E2 /* Products */;
			projectDirPath = "";
			projectRoot = "";
			targets = (
				3550013B1CE1B401009BF4E2 /* Demo */,
				355001541CE1B401009BF4E2 /* DemoTests */,
				3550015F1CE1B401009BF4E2 /* DemoUITests */,
			);
		};
/* End PBXProject section */

/* Begin PBXResourcesBuildPhase section */
		3550013A1CE1B401009BF4E2 /* Resources */ = {
			isa = PBXResourcesBuildPhase;
			buildActionMask = 2147483647;
			files = (
				3550014F1CE1B401009BF4E2 /* LaunchScreen.storyboard in Resources */,
				3550014C1CE1B401009BF4E2 /* Assets.xcassets in Resources */,
				3550014A1CE1B401009BF4E2 /* Main.storyboard in Resources */,
			);
			runOnlyForDeploymentPostprocessing = 0;
		};
		355001531CE1B401009BF4E2 /* Resources */ = {
			isa = PBXResourcesBuildPhase;
			buildActionMask = 2147483647;
			files = (
			);
			runOnlyForDeploymentPostprocessing = 0;
		};
		3550015E1CE1B401009BF4E2 /* Resources */ = {
			isa = PBXResourcesBuildPhase;
			buildActionMask = 2147483647;
			files = (
			);
			runOnlyForDeploymentPostprocessing = 0;
		};
/* End PBXResourcesBuildPhase section */

/* Begin PBXShellScriptBuildPhase section */
		621FE78034736CC917619A2F /* Copy Pods Resources */ = {
			isa = PBXShellScriptBuildPhase;
			buildActionMask = 2147483647;
			files = (
			);
			inputPaths = (
			);
			name = "Copy Pods Resources";
			outputPaths = (
			);
			runOnlyForDeploymentPostprocessing = 0;
			shellPath = /bin/sh;
			shellScript = "\"${SRCROOT}/Pods/Target Support Files/Pods/Pods-resources.sh\"\n";
			showEnvVarsInLog = 0;
		};
		D0181758E4AD442248E65315 /* Embed Pods Frameworks */ = {
			isa = PBXShellScriptBuildPhase;
			buildActionMask = 2147483647;
			files = (
			);
			inputPaths = (
			);
			name = "Embed Pods Frameworks";
			outputPaths = (
			);
			runOnlyForDeploymentPostprocessing = 0;
			shellPath = /bin/sh;
			shellScript = "\"${SRCROOT}/Pods/Target Support Files/Pods/Pods-frameworks.sh\"\n";
			showEnvVarsInLog = 0;
		};
		DA204E4B55A960CCC294B368 /* Check Pods Manifest.lock */ = {
			isa = PBXShellScriptBuildPhase;
			buildActionMask = 2147483647;
			files = (
			);
			inputPaths = (
			);
			name = "Check Pods Manifest.lock";
			outputPaths = (
			);
			runOnlyForDeploymentPostprocessing = 0;
			shellPath = /bin/sh;
			shellScript = "diff \"${PODS_ROOT}/../Podfile.lock\" \"${PODS_ROOT}/Manifest.lock\" > /dev/null\nif [[ $? != 0 ]] ; then\n    cat << EOM\nerror: The sandbox is not in sync with the Podfile.lock. Run 'pod install' or update your CocoaPods installation.\nEOM\n    exit 1\nfi\n";
			showEnvVarsInLog = 0;
		};
/* End PBXShellScriptBuildPhase section */

/* Begin PBXSourcesBuildPhase section */
		355001381CE1B401009BF4E2 /* Sources */ = {
			isa = PBXSourcesBuildPhase;
			buildActionMask = 2147483647;
			files = (
				355001861CE1CF40009BF4E2 /* NetTipView.m in Sources */,
				3550017D1CE1BC36009BF4E2 /* ViewController.m in Sources */,
				355001441CE1B401009BF4E2 /* AppDelegate.m in Sources */,
				355001801CE1BC6C009BF4E2 /* NewData.m in Sources */,
				3550017C1CE1BC36009BF4E2 /* NewListViewController.m in Sources */,
				35B34E221CE2E44400C107D4 /* UIView+selectView.m in Sources */,
				355001411CE1B401009BF4E2 /* main.m in Sources */,
				355001831CE1C58F009BF4E2 /* DetailViewController.m in Sources */,
			);
			runOnlyForDeploymentPostprocessing = 0;
		};
		355001511CE1B401009BF4E2 /* Sources */ = {
			isa = PBXSourcesBuildPhase;
			buildActionMask = 2147483647;
			files = (
				3550015A1CE1B401009BF4E2 /* DemoTests.m in Sources */,
			);
			runOnlyForDeploymentPostprocessing = 0;
		};
		3550015C1CE1B401009BF4E2 /* Sources */ = {
			isa = PBXSourcesBuildPhase;
			buildActionMask = 2147483647;
			files = (
				355001651CE1B401009BF4E2 /* DemoUITests.m in Sources */,
			);
			runOnlyForDeploymentPostprocessing = 0;
		};
/* End PBXSourcesBuildPhase section */

/* Begin PBXTargetDependency section */
		355001571CE1B401009BF4E2 /* PBXTargetDependency */ = {
			isa = PBXTargetDependency;
			target = 3550013B1CE1B401009BF4E2 /* Demo */;
			targetProxy = 355001561CE1B401009BF4E2 /* PBXContainerItemProxy */;
		};
		355001621CE1B401009BF4E2 /* PBXTargetDependency */ = {
			isa = PBXTargetDependency;
			target = 3550013B1CE1B401009BF4E2 /* Demo */;
			targetProxy = 355001611CE1B401009BF4E2 /* PBXContainerItemProxy */;
		};
/* End PBXTargetDependency section */

/* Begin PBXVariantGroup section */
		355001481CE1B401009BF4E2 /* Main.storyboard */ = {
			isa = PBXVariantGroup;
			children = (
				355001491CE1B401009BF4E2 /* Base */,
			);
			name = Main.storyboard;
			sourceTree = "<group>";
		};
		3550014D1CE1B401009BF4E2 /* LaunchScreen.storyboard */ = {
			isa = PBXVariantGroup;
			children = (
				3550014E1CE1B401009BF4E2 /* Base */,
			);
			name = LaunchScreen.storyboard;
			sourceTree = "<group>";
		};
/* End PBXVariantGroup section */

/* Begin XCBuildConfiguration section */
		355001671CE1B401009BF4E2 /* Debug */ = {
			isa = XCBuildConfiguration;
			buildSettings = {
				ALWAYS_SEARCH_USER_PATHS = NO;
				CLANG_CXX_LANGUAGE_STANDARD = "gnu++0x";
				CLANG_CXX_LIBRARY = "libc++";
				CLANG_ENABLE_MODULES = YES;
				CLANG_ENABLE_OBJC_ARC = YES;
				CLANG_WARN_BOOL_CONVERSION = YES;
				CLANG_WARN_CONSTANT_CONVERSION = YES;
				CLANG_WARN_DIRECT_OBJC_ISA_USAGE = YES_ERROR;
				CLANG_WARN_EMPTY_BODY = YES;
				CLANG_WARN_ENUM_CONVERSION = YES;
				CLANG_WARN_INT_CONVERSION = YES;
				CLANG_WARN_OBJC_ROOT_CLASS = YES_ERROR;
				CLANG_WARN_UNREACHABLE_CODE = YES;
				CLANG_WARN__DUPLICATE_METHOD_MATCH = YES;
				"CODE_SIGN_IDENTITY[sdk=iphoneos*]" = "iPhone Developer";
				COPY_PHASE_STRIP = NO;
				DEBUG_INFORMATION_FORMAT = dwarf;
				ENABLE_STRICT_OBJC_MSGSEND = YES;
				ENABLE_TESTABILITY = YES;
				GCC_C_LANGUAGE_STANDARD = gnu99;
				GCC_DYNAMIC_NO_PIC = NO;
				GCC_NO_COMMON_BLOCKS = YES;
				GCC_OPTIMIZATION_LEVEL = 0;
				GCC_PREPROCESSOR_DEFINITIONS = (
					"DEBUG=1",
					"$(inherited)",
				);
				GCC_WARN_64_TO_32_BIT_CONVERSION = YES;
				GCC_WARN_ABOUT_RETURN_TYPE = YES_ERROR;
				GCC_WARN_UNDECLARED_SELECTOR = YES;
				GCC_WARN_UNINITIALIZED_AUTOS = YES_AGGRESSIVE;
				GCC_WARN_UNUSED_FUNCTION = YES;
				GCC_WARN_UNUSED_VARIABLE = YES;
				IPHONEOS_DEPLOYMENT_TARGET = 9.2;
				MTL_ENABLE_DEBUG_INFO = YES;
				ONLY_ACTIVE_ARCH = YES;
				SDKROOT = iphoneos;
			};
			name = Debug;
		};
		355001681CE1B401009BF4E2 /* Release */ = {
			isa = XCBuildConfiguration;
			buildSettings = {
				ALWAYS_SEARCH_USER_PATHS = NO;
				CLANG_CXX_LANGUAGE_STANDARD = "gnu++0x";
				CLANG_CXX_LIBRARY = "libc++";
				CLANG_ENABLE_MODULES = YES;
				CLANG_ENABLE_OBJC_ARC = YES;
				CLANG_WARN_BOOL_CONVERSION = YES;
				CLANG_WARN_CONSTANT_CONVERSION = YES;
				CLANG_WARN_DIRECT_OBJC_ISA_USAGE = YES_ERROR;
				CLANG_WARN_EMPTY_BODY = YES;
				CLANG_WARN_ENUM_CONVERSION = YES;
				CLANG_WARN_INT_CONVERSION = YES;
				CLANG_WARN_OBJC_ROOT_CLASS = YES_ERROR;
				CLANG_WARN_UNREACHABLE_CODE = YES;
				CLANG_WARN__DUPLICATE_METHOD_MATCH = YES;
				"CODE_SIGN_IDENTITY[sdk=iphoneos*]" = "iPhone Developer";
				COPY_PHASE_STRIP = NO;
				DEBUG_INFORMATION_FORMAT = "dwarf-with-dsym";
				ENABLE_NS_ASSERTIONS = NO;
				ENABLE_STRICT_OBJC_MSGSEND = YES;
				GCC_C_LANGUAGE_STANDARD = gnu99;
				GCC_NO_COMMON_BLOCKS = YES;
				GCC_WARN_64_TO_32_BIT_CONVERSION = YES;
				GCC_WARN_ABOUT_RETURN_TYPE = YES_ERROR;
				GCC_WARN_UNDECLARED_SELECTOR = YES;
				GCC_WARN_UNINITIALIZED_AUTOS = YES_AGGRESSIVE;
				GCC_WARN_UNUSED_FUNCTION = YES;
				GCC_WARN_UNUSED_VARIABLE = YES;
				IPHONEOS_DEPLOYMENT_TARGET = 9.2;
				MTL_ENABLE_DEBUG_INFO = NO;
				SDKROOT = iphoneos;
				VALIDATE_PRODUCT = YES;
			};
			name = Release;
		};
		3550016A1CE1B401009BF4E2 /* Debug */ = {
			isa = XCBuildConfiguration;
			baseConfigurationReference = 73BFF0E618D51B4DA4B07199 /* Pods.debug.xcconfig */;
			buildSettings = {
				ASSETCATALOG_COMPILER_APPICON_NAME = AppIcon;
				INFOPLIST_FILE = Demo/Info.plist;
				IPHONEOS_DEPLOYMENT_TARGET = 8.0;
				LD_RUNPATH_SEARCH_PATHS = "$(inherited) @executable_path/Frameworks";
				PRODUCT_BUNDLE_IDENTIFIER = com.hkz.Demo;
				PRODUCT_NAME = "$(TARGET_NAME)";
			};
			name = Debug;
		};
		3550016B1CE1B401009BF4E2 /* Release */ = {
			isa = XCBuildConfiguration;
			baseConfigurationReference = 9A8160C75D54DC7A51AD8E2B /* Pods.release.xcconfig */;
			buildSettings = {
				ASSETCATALOG_COMPILER_APPICON_NAME = AppIcon;
				INFOPLIST_FILE = Demo/Info.plist;
				IPHONEOS_DEPLOYMENT_TARGET = 8.0;
				LD_RUNPATH_SEARCH_PATHS = "$(inherited) @executable_path/Frameworks";
				PRODUCT_BUNDLE_IDENTIFIER = com.hkz.Demo;
				PRODUCT_NAME = "$(TARGET_NAME)";
			};
			name = Release;
		};
		3550016D1CE1B401009BF4E2 /* Debug */ = {
			isa = XCBuildConfiguration;
			buildSettings = {
				BUNDLE_LOADER = "$(TEST_HOST)";
				INFOPLIST_FILE = DemoTests/Info.plist;
				LD_RUNPATH_SEARCH_PATHS = "$(inherited) @executable_path/Frameworks @loader_path/Frameworks";
				PRODUCT_BUNDLE_IDENTIFIER = com.hkz.DemoTests;
				PRODUCT_NAME = "$(TARGET_NAME)";
				TEST_HOST = "$(BUILT_PRODUCTS_DIR)/Demo.app/Demo";
			};
			name = Debug;
		};
		3550016E1CE1B401009BF4E2 /* Release */ = {
			isa = XCBuildConfiguration;
			buildSettings = {
				BUNDLE_LOADER = "$(TEST_HOST)";
				INFOPLIST_FILE = DemoTests/Info.plist;
				LD_RUNPATH_SEARCH_PATHS = "$(inherited) @executable_path/Frameworks @loader_path/Frameworks";
				PRODUCT_BUNDLE_IDENTIFIER = com.hkz.DemoTests;
				PRODUCT_NAME = "$(TARGET_NAME)";
				TEST_HOST = "$(BUILT_PRODUCTS_DIR)/Demo.app/Demo";
			};
			name = Release;
		};
		355001701CE1B401009BF4E2 /* Debug */ = {
			isa = XCBuildConfiguration;
			buildSettings = {
				INFOPLIST_FILE = DemoUITests/Info.plist;
				LD_RUNPATH_SEARCH_PATHS = "$(inherited) @executable_path/Frameworks @loader_path/Frameworks";
				PRODUCT_BUNDLE_IDENTIFIER = com.hkz.DemoUITests;
				PRODUCT_NAME = "$(TARGET_NAME)";
				TEST_TARGET_NAME = Demo;
				USES_XCTRUNNER = YES;
			};
			name = Debug;
		};
		355001711CE1B401009BF4E2 /* Release */ = {
			isa = XCBuildConfiguration;
			buildSettings = {
				INFOPLIST_FILE = DemoUITests/Info.plist;
				LD_RUNPATH_SEARCH_PATHS = "$(inherited) @executable_path/Frameworks @loader_path/Frameworks";
				PRODUCT_BUNDLE_IDENTIFIER = com.hkz.DemoUITests;
				PRODUCT_NAME = "$(TARGET_NAME)";
				TEST_TARGET_NAME = Demo;
				USES_XCTRUNNER = YES;
			};
			name = Release;
		};
/* End XCBuildConfiguration section */

/* Begin XCConfigurationList section */
		355001371CE1B401009BF4E2 /* Build configuration list for PBXProject "Demo" */ = {
			isa = XCConfigurationList;
			buildConfigurations = (
				355001671CE1B401009BF4E2 /* Debug */,
				355001681CE1B401009BF4E2 /* Release */,
			);
			defaultConfigurationIsVisible = 0;
			defaultConfigurationName = Release;
		};
		355001691CE1B401009BF4E2 /* Build configuration list for PBXNativeTarget "Demo" */ = {
			isa = XCConfigurationList;
			buildConfigurations = (
				3550016A1CE1B401009BF4E2 /* Debug */,
				3550016B1CE1B401009BF4E2 /* Release */,
			);
			defaultConfigurationIsVisible = 0;
			defaultConfigurationName = Release;
		};
		3550016C1CE1B401009BF4E2 /* Build configuration list for PBXNativeTarget "DemoTests" */ = {
			isa = XCConfigurationList;
			buildConfigurations = (
				3550016D1CE1B401009BF4E2 /* Debug */,
				3550016E1CE1B401009BF4E2 /* Release */,
			);
			defaultConfigurationIsVisible = 0;
			defaultConfigurationName = Release;
		};
		3550016F1CE1B401009BF4E2 /* Build configuration list for PBXNativeTarget "DemoUITests" */ = {
			isa = XCConfigurationList;
			buildConfigurations = (
				355001701CE1B401009BF4E2 /* Debug */,
				355001711CE1B401009BF4E2 /* Release */,
			);
			defaultConfigurationIsVisible = 0;
			defaultConfigurationName = Release;
		};
/* End XCConfigurationList section */
	};
	rootObject = 355001341CE1B401009BF4E2 /* Project object */;
}
